PODS:
  - AppAuth (1.6.0):
    - AppAuth/Core (= 1.6.0)
    - AppAuth/ExternalUserAgent (= 1.6.0)
  - AppAuth/Core (1.6.0)
  - AppAuth/ExternalUserAgent (1.6.0):
    - AppAuth/Core
  - Flutter (1.0.0)
  - tatlacas_flutter_oauth (0.0.1):
    - AppAuth (= 1.6)
    - Flutter

DEPENDENCIES:
  - Flutter (from `Flutter`)
  - tatlacas_flutter_oauth (from `.symlinks/plugins/tatlacas_flutter_oauth/ios`)

SPEC REPOS:
  trunk:
    - AppAuth

EXTERNAL SOURCES:
  Flutter:
    :path: Flutter
  tatlacas_flutter_oauth:
    :path: ".symlinks/plugins/tatlacas_flutter_oauth/ios"

SPEC CHECKSUMS:
  AppAuth: 8fca6b5563a5baef2c04bee27538025e4ceb2add
  Flutter: f04841e97a9d0b0a8025694d0796dd46242b2854
  tatlacas_flutter_oauth: e267812533d6639c95bdbe4dd00a8889220b9647

PODFILE CHECKSUM: aafe91acc616949ddb318b77800a7f51bffa2a4c

COCOAPODS: 1.11.3
