PODS:
  - AppAuth (1.3.1):
    - AppAuth/Core (= 1.3.1)
    - AppAuth/ExternalUserAgent (= 1.3.1)
  - AppAuth/Core (1.3.1)
  - AppAuth/ExternalUserAgent (1.3.1)
  - Flutter (1.0.0)
  - tatlacas_flutter_oauth (0.0.1):
    - AppAuth (= 1.3.1)
    - Flutter

DEPENDENCIES:
  - Flutter (from `Flutter`)
  - tatlacas_flutter_oauth (from `.symlinks/plugins/tatlacas_flutter_oauth/ios`)

SPEC REPOS:
  trunk:
    - AppAuth

EXTERNAL SOURCES:
  Flutter:
    :path: Flutter
  tatlacas_flutter_oauth:
    :path: ".symlinks/plugins/tatlacas_flutter_oauth/ios"

SPEC CHECKSUMS:
  AppAuth: 8803ba1aec6d00d9afd30093f82e600307eaa6ea
  Flutter: 0e3d915762c693b495b44d77113d4970485de6ec
  tatlacas_flutter_oauth: 71cc18b574d091f807aeb285c5381d2db8718a48

PODFILE CHECKSUM: aafe91acc616949ddb318b77800a7f51bffa2a4c

COCOAPODS: 1.10.0.beta.2
