PODS:
  - FlutterMacOS (1.0.0)
  - tatlacas_flutter_oauth (0.0.1):
    - FlutterMacOS

DEPENDENCIES:
  - FlutterMacOS (from `Flutter/ephemeral`)
  - tatlacas_flutter_oauth (from `Flutter/ephemeral/.symlinks/plugins/tatlacas_flutter_oauth/macos`)

EXTERNAL SOURCES:
  FlutterMacOS:
    :path: Flutter/ephemeral
  tatlacas_flutter_oauth:
    :path: Flutter/ephemeral/.symlinks/plugins/tatlacas_flutter_oauth/macos

SPEC CHECKSUMS:
  FlutterMacOS: 57701585bf7de1b3fc2bb61f6378d73bbdea8424
  tatlacas_flutter_oauth: 768cde93cea67460f66356c9f084377d52be5465

PODFILE CHECKSUM: 6eac6b3292e5142cfc23bdeb71848a40ec51c14c

COCOAPODS: 1.11.2
